
Microsoft Visual Studio Solution File, Format Version 12.00
# Visual Studio Version 16
VisualStudioVersion = 16.0.35931.194
MinimumVisualStudioVersion = 10.0.40219.1
Project("{FAE04EC0-301F-11D3-BF4B-00C04F79EFBC}") = "WebApplication4", "WebApplication4\WebApplication4.csproj", "{9FBD829A-2CC5-4B57-91FB-CB2B5B4F1809}"
EndProject
Global
	GlobalSection(SolutionConfigurationPlatforms) = preSolution
		Debug|Any CPU = Debug|Any CPU
		Release|Any CPU = Release|Any CPU
	EndGlobalSection
	GlobalSection(ProjectConfigurationPlatforms) = postSolution
		{9FBD829A-2CC5-4B57-91FB-CB2B5B4F1809}.Debug|Any CPU.ActiveCfg = Debug|Any CPU
		{9FBD829A-2CC5-4B57-91FB-CB2B5B4F1809}.Debug|Any CPU.Build.0 = Debug|Any CPU
		{9FBD829A-2CC5-4B57-91FB-CB2B5B4F1809}.Release|Any CPU.ActiveCfg = Release|Any CPU
		{9FBD829A-2CC5-4B57-91FB-CB2B5B4F1809}.Release|Any CPU.Build.0 = Release|Any CPU
	EndGlobalSection
	GlobalSection(SolutionProperties) = preSolution
		HideSolutionNode = FALSE
	EndGlobalSection
	GlobalSection(ExtensibilityGlobals) = postSolution
		SolutionGuid = {023CA578-6773-48FE-A7BA-741D61880FD1}
	EndGlobalSection
EndGlobal
